
Microsoft Visual Studio Solution File, Format Version 12.00
# Visual Studio 15
VisualStudioVersion = 15.0.28307.271
MinimumVisualStudioVersion = 10.0.40219.1
Project("{FAE04EC0-301F-11D3-BF4B-00C04F79EFBC}") = "PingOverlay", "PingOverlay\PingOverlay.csproj", "{C6CFA6FC-E2CA-49C1-8E24-60A494AD9372}"
EndProject
Global
	GlobalSection(SolutionConfigurationPlatforms) = preSolution
		Debug|Any CPU = Debug|Any CPU
		Release|Any CPU = Release|Any CPU
	EndGlobalSection
	GlobalSection(ProjectConfigurationPlatforms) = postSolution
		{C6CFA6FC-E2CA-49C1-8E24-60A494AD9372}.Debug|Any CPU.ActiveCfg = Debug|Any CPU
		{C6CFA6FC-E2CA-49C1-8E24-60A494AD9372}.Debug|Any CPU.Build.0 = Debug|Any CPU
		{C6CFA6FC-E2CA-49C1-8E24-60A494AD9372}.Release|Any CPU.ActiveCfg = Release|Any CPU
		{C6CFA6FC-E2CA-49C1-8E24-60A494AD9372}.Release|Any CPU.Build.0 = Release|Any CPU
	EndGlobalSection
	GlobalSection(SolutionProperties) = preSolution
		HideSolutionNode = FALSE
	EndGlobalSection
	GlobalSection(ExtensibilityGlobals) = postSolution
		SolutionGuid = {BB142467-59F2-411F-AA5B-B17F4ACEB42E}
	EndGlobalSection
EndGlobal
